
Microsoft Visual Studio Solution File, Format Version 12.00
# Visual Studio Version 16
VisualStudioVersion = 16.0.29926.136
MinimumVisualStudioVersion = 10.0.40219.1
Project("{8BC9CEB8-8B4A-11D0-8D11-00A0C91BC942}") = "Protocol", "Protocol.vcxproj", "{C8A9C999-5BFA-48B4-9D8E-4B49CCCC59AF}"
EndProject
Global
	GlobalSection(SolutionConfigurationPlatforms) = preSolution
		Alpha32 Debug|Any CPU = Alpha32 Debug|Any CPU
		Alpha32 Debug|ARM = Alpha32 Debug|ARM
		Alpha32 Debug|ARM64 = Alpha32 Debug|ARM64
		Alpha32 Debug|Win32 = Alpha32 Debug|Win32
		Alpha32 Debug|x64 = Alpha32 Debug|x64
		Alpha32 Debug|x86 = Alpha32 Debug|x86
		Alpha32 Release|Any CPU = Alpha32 Release|Any CPU
		Alpha32 Release|ARM = Alpha32 Release|ARM
		Alpha32 Release|ARM64 = Alpha32 Release|ARM64
		Alpha32 Release|Win32 = Alpha32 Release|Win32
		Alpha32 Release|x64 = Alpha32 Release|x64
		Alpha32 Release|x86 = Alpha32 Release|x86
		Debug REMOTE DAG|Any CPU = Debug REMOTE DAG|Any CPU
		Debug REMOTE DAG|ARM = Debug REMOTE DAG|ARM
		Debug REMOTE DAG|ARM64 = Debug REMOTE DAG|ARM64
		Debug REMOTE DAG|Win32 = Debug REMOTE DAG|Win32
		Debug REMOTE DAG|x64 = Debug REMOTE DAG|x64
		Debug REMOTE DAG|x86 = Debug REMOTE DAG|x86
		Debug REMOTE NO AIRPCAP|Any CPU = Debug REMOTE NO AIRPCAP|Any CPU
		Debug REMOTE NO AIRPCAP|ARM = Debug REMOTE NO AIRPCAP|ARM
		Debug REMOTE NO AIRPCAP|ARM64 = Debug REMOTE NO AIRPCAP|ARM64
		Debug REMOTE NO AIRPCAP|Win32 = Debug REMOTE NO AIRPCAP|Win32
		Debug REMOTE NO AIRPCAP|x64 = Debug REMOTE NO AIRPCAP|x64
		Debug REMOTE NO AIRPCAP|x86 = Debug REMOTE NO AIRPCAP|x86
		Debug REMOTE|Any CPU = Debug REMOTE|Any CPU
		Debug REMOTE|ARM = Debug REMOTE|ARM
		Debug REMOTE|ARM64 = Debug REMOTE|ARM64
		Debug REMOTE|Win32 = Debug REMOTE|Win32
		Debug REMOTE|x64 = Debug REMOTE|x64
		Debug REMOTE|x86 = Debug REMOTE|x86
		Debug|Any CPU = Debug|Any CPU
		Debug|ARM = Debug|ARM
		Debug|ARM64 = Debug|ARM64
		Debug|Win32 = Debug|Win32
		Debug|x64 = Debug|x64
		Debug|x86 = Debug|x86
		Relase|Any CPU = Relase|Any CPU
		Relase|ARM = Relase|ARM
		Relase|ARM64 = Relase|ARM64
		Relase|Win32 = Relase|Win32
		Relase|x64 = Relase|x64
		Relase|x86 = Relase|x86
		Release REMOTE DAG|Any CPU = Release REMOTE DAG|Any CPU
		Release REMOTE DAG|ARM = Release REMOTE DAG|ARM
		Release REMOTE DAG|ARM64 = Release REMOTE DAG|ARM64
		Release REMOTE DAG|Win32 = Release REMOTE DAG|Win32
		Release REMOTE DAG|x64 = Release REMOTE DAG|x64
		Release REMOTE DAG|x86 = Release REMOTE DAG|x86
		Release REMOTE NO AIRPCAP|Any CPU = Release REMOTE NO AIRPCAP|Any CPU
		Release REMOTE NO AIRPCAP|ARM = Release REMOTE NO AIRPCAP|ARM
		Release REMOTE NO AIRPCAP|ARM64 = Release REMOTE NO AIRPCAP|ARM64
		Release REMOTE NO AIRPCAP|Win32 = Release REMOTE NO AIRPCAP|Win32
		Release REMOTE NO AIRPCAP|x64 = Release REMOTE NO AIRPCAP|x64
		Release REMOTE NO AIRPCAP|x86 = Release REMOTE NO AIRPCAP|x86
		Release REMOTE|Any CPU = Release REMOTE|Any CPU
		Release REMOTE|ARM = Release REMOTE|ARM
		Release REMOTE|ARM64 = Release REMOTE|ARM64
		Release REMOTE|Win32 = Release REMOTE|Win32
		Release REMOTE|x64 = Release REMOTE|x64
		Release REMOTE|x86 = Release REMOTE|x86
		Release|Any CPU = Release|Any CPU
		Release|ARM = Release|ARM
		Release|ARM64 = Release|ARM64
		Release|Win32 = Release|Win32
		Release|x64 = Release|x64
		Release|x86 = Release|x86
		Template|Any CPU = Template|Any CPU
		Template|ARM = Template|ARM
		Template|ARM64 = Template|ARM64
		Template|Win32 = Template|Win32
		Template|x64 = Template|x64
		Template|x86 = Template|x86
	EndGlobalSection
	GlobalSection(ProjectConfigurationPlatforms) = postSolution
		{C8A9C999-5BFA-48B4-9D8E-4B49CCCC59AF}.Alpha32 Debug|Any CPU.ActiveCfg = Release|Win32
		{C8A9C999-5BFA-48B4-9D8E-4B49CCCC59AF}.Alpha32 Debug|Any CPU.Build.0 = Release|Win32
		{C8A9C999-5BFA-48B4-9D8E-4B49CCCC59AF}.Alpha32 Debug|ARM.ActiveCfg = Debug|Win32
		{C8A9C999-5BFA-48B4-9D8E-4B49CCCC59AF}.Alpha32 Debug|ARM.Build.0 = Debug|Win32
		{C8A9C999-5BFA-48B4-9D8E-4B49CCCC59AF}.Alpha32 Debug|ARM64.ActiveCfg = Debug|Win32
		{C8A9C999-5BFA-48B4-9D8E-4B49CCCC59AF}.Alpha32 Debug|ARM64.Build.0 = Debug|Win32
		{C8A9C999-5BFA-48B4-9D8E-4B49CCCC59AF}.Alpha32 Debug|Win32.ActiveCfg = Debug|Win32
		{C8A9C999-5BFA-48B4-9D8E-4B49CCCC59AF}.Alpha32 Debug|Win32.Build.0 = Debug|Win32
		{C8A9C999-5BFA-48B4-9D8E-4B49CCCC59AF}.Alpha32 Debug|x64.ActiveCfg = Release|Win32
		{C8A9C999-5BFA-48B4-9D8E-4B49CCCC59AF}.Alpha32 Debug|x64.Build.0 = Release|Win32
		{C8A9C999-5BFA-48B4-9D8E-4B49CCCC59AF}.Alpha32 Debug|x86.ActiveCfg = Debug|Win32
		{C8A9C999-5BFA-48B4-9D8E-4B49CCCC59AF}.Alpha32 Debug|x86.Build.0 = Debug|Win32
		{C8A9C999-5BFA-48B4-9D8E-4B49CCCC59AF}.Alpha32 Release|Any CPU.ActiveCfg = Release|Win32
		{C8A9C999-5BFA-48B4-9D8E-4B49CCCC59AF}.Alpha32 Release|Any CPU.Build.0 = Release|Win32
		{C8A9C999-5BFA-48B4-9D8E-4B49CCCC59AF}.Alpha32 Release|ARM.ActiveCfg = Debug|Win32
		{C8A9C999-5BFA-48B4-9D8E-4B49CCCC59AF}.Alpha32 Release|ARM.Build.0 = Debug|Win32
		{C8A9C999-5BFA-48B4-9D8E-4B49CCCC59AF}.Alpha32 Release|ARM64.ActiveCfg = Debug|Win32
		{C8A9C999-5BFA-48B4-9D8E-4B49CCCC59AF}.Alpha32 Release|ARM64.Build.0 = Debug|Win32
		{C8A9C999-5BFA-48B4-9D8E-4B49CCCC59AF}.Alpha32 Release|Win32.ActiveCfg = Release|Win32
		{C8A9C999-5BFA-48B4-9D8E-4B49CCCC59AF}.Alpha32 Release|Win32.Build.0 = Release|Win32
		{C8A9C999-5BFA-48B4-9D8E-4B49CCCC59AF}.Alpha32 Release|x64.ActiveCfg = Release|Win32
		{C8A9C999-5BFA-48B4-9D8E-4B49CCCC59AF}.Alpha32 Release|x64.Build.0 = Release|Win32
		{C8A9C999-5BFA-48B4-9D8E-4B49CCCC59AF}.Alpha32 Release|x86.ActiveCfg = Release|Win32
		{C8A9C999-5BFA-48B4-9D8E-4B49CCCC59AF}.Alpha32 Release|x86.Build.0 = Release|Win32
		{C8A9C999-5BFA-48B4-9D8E-4B49CCCC59AF}.Debug REMOTE DAG|Any CPU.ActiveCfg = Debug|Win32
		{C8A9C999-5BFA-48B4-9D8E-4B49CCCC59AF}.Debug REMOTE DAG|Any CPU.Build.0 = Debug|Win32
		{C8A9C999-5BFA-48B4-9D8E-4B49CCCC59AF}.Debug REMOTE DAG|ARM.ActiveCfg = Debug|Win32
		{C8A9C999-5BFA-48B4-9D8E-4B49CCCC59AF}.Debug REMOTE DAG|ARM.Build.0 = Debug|Win32
		{C8A9C999-5BFA-48B4-9D8E-4B49CCCC59AF}.Debug REMOTE DAG|ARM64.ActiveCfg = Debug|Win32
		{C8A9C999-5BFA-48B4-9D8E-4B49CCCC59AF}.Debug REMOTE DAG|ARM64.Build.0 = Debug|Win32
		{C8A9C999-5BFA-48B4-9D8E-4B49CCCC59AF}.Debug REMOTE DAG|Win32.ActiveCfg = Debug|Win32
		{C8A9C999-5BFA-48B4-9D8E-4B49CCCC59AF}.Debug REMOTE DAG|Win32.Build.0 = Debug|Win32
		{C8A9C999-5BFA-48B4-9D8E-4B49CCCC59AF}.Debug REMOTE DAG|x64.ActiveCfg = Debug|Win32
		{C8A9C999-5BFA-48B4-9D8E-4B49CCCC59AF}.Debug REMOTE DAG|x64.Build.0 = Debug|Win32
		{C8A9C999-5BFA-48B4-9D8E-4B49CCCC59AF}.Debug REMOTE DAG|x86.ActiveCfg = Debug|Win32
		{C8A9C999-5BFA-48B4-9D8E-4B49CCCC59AF}.Debug REMOTE DAG|x86.Build.0 = Debug|Win32
		{C8A9C999-5BFA-48B4-9D8E-4B49CCCC59AF}.Debug REMOTE NO AIRPCAP|Any CPU.ActiveCfg = Debug|Win32
		{C8A9C999-5BFA-48B4-9D8E-4B49CCCC59AF}.Debug REMOTE NO AIRPCAP|Any CPU.Build.0 = Debug|Win32
		{C8A9C999-5BFA-48B4-9D8E-4B49CCCC59AF}.Debug REMOTE NO AIRPCAP|ARM.ActiveCfg = Debug|Win32
		{C8A9C999-5BFA-48B4-9D8E-4B49CCCC59AF}.Debug REMOTE NO AIRPCAP|ARM.Build.0 = Debug|Win32
		{C8A9C999-5BFA-48B4-9D8E-4B49CCCC59AF}.Debug REMOTE NO AIRPCAP|ARM64.ActiveCfg = Debug|Win32
		{C8A9C999-5BFA-48B4-9D8E-4B49CCCC59AF}.Debug REMOTE NO AIRPCAP|ARM64.Build.0 = Debug|Win32
		{C8A9C999-5BFA-48B4-9D8E-4B49CCCC59AF}.Debug REMOTE NO AIRPCAP|Win32.ActiveCfg = Debug|Win32
		{C8A9C999-5BFA-48B4-9D8E-4B49CCCC59AF}.Debug REMOTE NO AIRPCAP|Win32.Build.0 = Debug|Win32
		{C8A9C999-5BFA-48B4-9D8E-4B49CCCC59AF}.Debug REMOTE NO AIRPCAP|x64.ActiveCfg = Debug|Win32
		{C8A9C999-5BFA-48B4-9D8E-4B49CCCC59AF}.Debug REMOTE NO AIRPCAP|x64.Build.0 = Debug|Win32
		{C8A9C999-5BFA-48B4-9D8E-4B49CCCC59AF}.Debug REMOTE NO AIRPCAP|x86.ActiveCfg = Debug|Win32
		{C8A9C999-5BFA-48B4-9D8E-4B49CCCC59AF}.Debug REMOTE NO AIRPCAP|x86.Build.0 = Debug|Win32
		{C8A9C999-5BFA-48B4-9D8E-4B49CCCC59AF}.Debug REMOTE|Any CPU.ActiveCfg = Debug|Win32
		{C8A9C999-5BFA-48B4-9D8E-4B49CCCC59AF}.Debug REMOTE|Any CPU.Build.0 = Debug|Win32
		{C8A9C999-5BFA-48B4-9D8E-4B49CCCC59AF}.Debug REMOTE|ARM.ActiveCfg = Debug|Win32
		{C8A9C999-5BFA-48B4-9D8E-4B49CCCC59AF}.Debug REMOTE|ARM.Build.0 = Debug|Win32
		{C8A9C999-5BFA-48B4-9D8E-4B49CCCC59AF}.Debug REMOTE|ARM64.ActiveCfg = Debug|Win32
		{C8A9C999-5BFA-48B4-9D8E-4B49CCCC59AF}.Debug REMOTE|ARM64.Build.0 = Debug|Win32
		{C8A9C999-5BFA-48B4-9D8E-4B49CCCC59AF}.Debug REMOTE|Win32.ActiveCfg = Debug|Win32
		{C8A9C999-5BFA-48B4-9D8E-4B49CCCC59AF}.Debug REMOTE|Win32.Build.0 = Debug|Win32
		{C8A9C999-5BFA-48B4-9D8E-4B49CCCC59AF}.Debug REMOTE|x64.ActiveCfg = Debug|Win32
		{C8A9C999-5BFA-48B4-9D8E-4B49CCCC59AF}.Debug REMOTE|x64.Build.0 = Debug|Win32
		{C8A9C999-5BFA-48B4-9D8E-4B49CCCC59AF}.Debug REMOTE|x86.ActiveCfg = Debug|Win32
		{C8A9C999-5BFA-48B4-9D8E-4B49CCCC59AF}.Debug REMOTE|x86.Build.0 = Debug|Win32
		{C8A9C999-5BFA-48B4-9D8E-4B49CCCC59AF}.Debug|Any CPU.ActiveCfg = Debug|Win32
		{C8A9C999-5BFA-48B4-9D8E-4B49CCCC59AF}.Debug|ARM.ActiveCfg = Debug|Win32
		{C8A9C999-5BFA-48B4-9D8E-4B49CCCC59AF}.Debug|ARM64.ActiveCfg = Debug|Win32
		{C8A9C999-5BFA-48B4-9D8E-4B49CCCC59AF}.Debug|Win32.ActiveCfg = Debug|Win32
		{C8A9C999-5BFA-48B4-9D8E-4B49CCCC59AF}.Debug|Win32.Build.0 = Debug|Win32
		{C8A9C999-5BFA-48B4-9D8E-4B49CCCC59AF}.Debug|x64.ActiveCfg = Debug|Win32
		{C8A9C999-5BFA-48B4-9D8E-4B49CCCC59AF}.Debug|x86.ActiveCfg = Debug|Win32
		{C8A9C999-5BFA-48B4-9D8E-4B49CCCC59AF}.Debug|x86.Build.0 = Debug|Win32
		{C8A9C999-5BFA-48B4-9D8E-4B49CCCC59AF}.Relase|Any CPU.ActiveCfg = Release|Win32
		{C8A9C999-5BFA-48B4-9D8E-4B49CCCC59AF}.Relase|Any CPU.Build.0 = Release|Win32
		{C8A9C999-5BFA-48B4-9D8E-4B49CCCC59AF}.Relase|ARM.ActiveCfg = Debug|Win32
		{C8A9C999-5BFA-48B4-9D8E-4B49CCCC59AF}.Relase|ARM.Build.0 = Debug|Win32
		{C8A9C999-5BFA-48B4-9D8E-4B49CCCC59AF}.Relase|ARM64.ActiveCfg = Debug|Win32
		{C8A9C999-5BFA-48B4-9D8E-4B49CCCC59AF}.Relase|ARM64.Build.0 = Debug|Win32
		{C8A9C999-5BFA-48B4-9D8E-4B49CCCC59AF}.Relase|Win32.ActiveCfg = Release|Win32
		{C8A9C999-5BFA-48B4-9D8E-4B49CCCC59AF}.Relase|Win32.Build.0 = Release|Win32
		{C8A9C999-5BFA-48B4-9D8E-4B49CCCC59AF}.Relase|x64.ActiveCfg = Release|Win32
		{C8A9C999-5BFA-48B4-9D8E-4B49CCCC59AF}.Relase|x64.Build.0 = Release|Win32
		{C8A9C999-5BFA-48B4-9D8E-4B49CCCC59AF}.Relase|x86.ActiveCfg = Release|Win32
		{C8A9C999-5BFA-48B4-9D8E-4B49CCCC59AF}.Relase|x86.Build.0 = Release|Win32
		{C8A9C999-5BFA-48B4-9D8E-4B49CCCC59AF}.Release REMOTE DAG|Any CPU.ActiveCfg = Debug|Win32
		{C8A9C999-5BFA-48B4-9D8E-4B49CCCC59AF}.Release REMOTE DAG|Any CPU.Build.0 = Debug|Win32
		{C8A9C999-5BFA-48B4-9D8E-4B49CCCC59AF}.Release REMOTE DAG|ARM.ActiveCfg = Debug|Win32
		{C8A9C999-5BFA-48B4-9D8E-4B49CCCC59AF}.Release REMOTE DAG|ARM.Build.0 = Debug|Win32
		{C8A9C999-5BFA-48B4-9D8E-4B49CCCC59AF}.Release REMOTE DAG|ARM64.ActiveCfg = Debug|Win32
		{C8A9C999-5BFA-48B4-9D8E-4B49CCCC59AF}.Release REMOTE DAG|ARM64.Build.0 = Debug|Win32
		{C8A9C999-5BFA-48B4-9D8E-4B49CCCC59AF}.Release REMOTE DAG|Win32.ActiveCfg = Release|Win32
		{C8A9C999-5BFA-48B4-9D8E-4B49CCCC59AF}.Release REMOTE DAG|Win32.Build.0 = Release|Win32
		{C8A9C999-5BFA-48B4-9D8E-4B49CCCC59AF}.Release REMOTE DAG|x64.ActiveCfg = Debug|Win32
		{C8A9C999-5BFA-48B4-9D8E-4B49CCCC59AF}.Release REMOTE DAG|x64.Build.0 = Debug|Win32
		{C8A9C999-5BFA-48B4-9D8E-4B49CCCC59AF}.Release REMOTE DAG|x86.ActiveCfg = Release|Win32
		{C8A9C999-5BFA-48B4-9D8E-4B49CCCC59AF}.Release REMOTE DAG|x86.Build.0 = Release|Win32
		{C8A9C999-5BFA-48B4-9D8E-4B49CCCC59AF}.Release REMOTE NO AIRPCAP|Any CPU.ActiveCfg = Debug|Win32
		{C8A9C999-5BFA-48B4-9D8E-4B49CCCC59AF}.Release REMOTE NO AIRPCAP|Any CPU.Build.0 = Debug|Win32
		{C8A9C999-5BFA-48B4-9D8E-4B49CCCC59AF}.Release REMOTE NO AIRPCAP|ARM.ActiveCfg = Debug|Win32
		{C8A9C999-5BFA-48B4-9D8E-4B49CCCC59AF}.Release REMOTE NO AIRPCAP|ARM.Build.0 = Debug|Win32
		{C8A9C999-5BFA-48B4-9D8E-4B49CCCC59AF}.Release REMOTE NO AIRPCAP|ARM64.ActiveCfg = Debug|Win32
		{C8A9C999-5BFA-48B4-9D8E-4B49CCCC59AF}.Release REMOTE NO AIRPCAP|ARM64.Build.0 = Debug|Win32
		{C8A9C999-5BFA-48B4-9D8E-4B49CCCC59AF}.Release REMOTE NO AIRPCAP|Win32.ActiveCfg = Release|Win32
		{C8A9C999-5BFA-48B4-9D8E-4B49CCCC59AF}.Release REMOTE NO AIRPCAP|Win32.Build.0 = Release|Win32
		{C8A9C999-5BFA-48B4-9D8E-4B49CCCC59AF}.Release REMOTE NO AIRPCAP|x64.ActiveCfg = Debug|Win32
		{C8A9C999-5BFA-48B4-9D8E-4B49CCCC59AF}.Release REMOTE NO AIRPCAP|x64.Build.0 = Debug|Win32
		{C8A9C999-5BFA-48B4-9D8E-4B49CCCC59AF}.Release REMOTE NO AIRPCAP|x86.ActiveCfg = Release|Win32
		{C8A9C999-5BFA-48B4-9D8E-4B49CCCC59AF}.Release REMOTE NO AIRPCAP|x86.Build.0 = Release|Win32
		{C8A9C999-5BFA-48B4-9D8E-4B49CCCC59AF}.Release REMOTE|Any CPU.ActiveCfg = Debug|Win32
		{C8A9C999-5BFA-48B4-9D8E-4B49CCCC59AF}.Release REMOTE|Any CPU.Build.0 = Debug|Win32
		{C8A9C999-5BFA-48B4-9D8E-4B49CCCC59AF}.Release REMOTE|ARM.ActiveCfg = Debug|Win32
		{C8A9C999-5BFA-48B4-9D8E-4B49CCCC59AF}.Release REMOTE|ARM.Build.0 = Debug|Win32
		{C8A9C999-5BFA-48B4-9D8E-4B49CCCC59AF}.Release REMOTE|ARM64.ActiveCfg = Debug|Win32
		{C8A9C999-5BFA-48B4-9D8E-4B49CCCC59AF}.Release REMOTE|ARM64.Build.0 = Debug|Win32
		{C8A9C999-5BFA-48B4-9D8E-4B49CCCC59AF}.Release REMOTE|Win32.ActiveCfg = Release|Win32
		{C8A9C999-5BFA-48B4-9D8E-4B49CCCC59AF}.Release REMOTE|Win32.Build.0 = Release|Win32
		{C8A9C999-5BFA-48B4-9D8E-4B49CCCC59AF}.Release REMOTE|x64.ActiveCfg = Debug|Win32
		{C8A9C999-5BFA-48B4-9D8E-4B49CCCC59AF}.Release REMOTE|x64.Build.0 = Debug|Win32
		{C8A9C999-5BFA-48B4-9D8E-4B49CCCC59AF}.Release REMOTE|x86.ActiveCfg = Release|Win32
		{C8A9C999-5BFA-48B4-9D8E-4B49CCCC59AF}.Release REMOTE|x86.Build.0 = Release|Win32
		{C8A9C999-5BFA-48B4-9D8E-4B49CCCC59AF}.Release|Any CPU.ActiveCfg = Release|Win32
		{C8A9C999-5BFA-48B4-9D8E-4B49CCCC59AF}.Release|ARM.ActiveCfg = Release|Win32
		{C8A9C999-5BFA-48B4-9D8E-4B49CCCC59AF}.Release|ARM64.ActiveCfg = Release|Win32
		{C8A9C999-5BFA-48B4-9D8E-4B49CCCC59AF}.Release|Win32.ActiveCfg = Release|Win32
		{C8A9C999-5BFA-48B4-9D8E-4B49CCCC59AF}.Release|Win32.Build.0 = Release|Win32
		{C8A9C999-5BFA-48B4-9D8E-4B49CCCC59AF}.Release|x64.ActiveCfg = Release|Win32
		{C8A9C999-5BFA-48B4-9D8E-4B49CCCC59AF}.Release|x86.ActiveCfg = Release|Win32
		{C8A9C999-5BFA-48B4-9D8E-4B49CCCC59AF}.Release|x86.Build.0 = Release|Win32
		{C8A9C999-5BFA-48B4-9D8E-4B49CCCC59AF}.Template|Any CPU.ActiveCfg = Release|Win32
		{C8A9C999-5BFA-48B4-9D8E-4B49CCCC59AF}.Template|Any CPU.Build.0 = Release|Win32
		{C8A9C999-5BFA-48B4-9D8E-4B49CCCC59AF}.Template|ARM.ActiveCfg = Debug|Win32
		{C8A9C999-5BFA-48B4-9D8E-4B49CCCC59AF}.Template|ARM.Build.0 = Debug|Win32
		{C8A9C999-5BFA-48B4-9D8E-4B49CCCC59AF}.Template|ARM64.ActiveCfg = Debug|Win32
		{C8A9C999-5BFA-48B4-9D8E-4B49CCCC59AF}.Template|ARM64.Build.0 = Debug|Win32
		{C8A9C999-5BFA-48B4-9D8E-4B49CCCC59AF}.Template|Win32.ActiveCfg = Release|Win32
		{C8A9C999-5BFA-48B4-9D8E-4B49CCCC59AF}.Template|Win32.Build.0 = Release|Win32
		{C8A9C999-5BFA-48B4-9D8E-4B49CCCC59AF}.Template|x64.ActiveCfg = Release|Win32
		{C8A9C999-5BFA-48B4-9D8E-4B49CCCC59AF}.Template|x64.Build.0 = Release|Win32
		{C8A9C999-5BFA-48B4-9D8E-4B49CCCC59AF}.Template|x86.ActiveCfg = Release|Win32
		{C8A9C999-5BFA-48B4-9D8E-4B49CCCC59AF}.Template|x86.Build.0 = Release|Win32
	EndGlobalSection
	GlobalSection(SolutionProperties) = preSolution
		HideSolutionNode = FALSE
	EndGlobalSection
	GlobalSection(ExtensibilityGlobals) = postSolution
		SolutionGuid = {64FC0AB3-3E47-445E-BC1C-90D01F49EDDC}
	EndGlobalSection
EndGlobal
